
Microsoft Visual Studio Solution File, Format Version 12.00
# Visual Studio Version 16
VisualStudioVersion = 16.0.29230.47
MinimumVisualStudioVersion = 10.0.40219.1
Project("{888888A0-9F3D-457C-B088-3A5042F75D52}") = "IotFunktionsLabbar", "IotFunktionsLabbar\IotFunktionsLabbar.pyproj", "{FDFF3571-3CA7-4D60-89A0-AC05401FBEC5}"
EndProject
Global
	GlobalSection(SolutionConfigurationPlatforms) = preSolution
		Debug|Any CPU = Debug|Any CPU
		Release|Any CPU = Release|Any CPU
	EndGlobalSection
	GlobalSection(ProjectConfigurationPlatforms) = postSolution
		{FDFF3571-3CA7-4D60-89A0-AC05401FBEC5}.Debug|Any CPU.ActiveCfg = Debug|Any CPU
		{FDFF3571-3CA7-4D60-89A0-AC05401FBEC5}.Release|Any CPU.ActiveCfg = Release|Any CPU
	EndGlobalSection
	GlobalSection(SolutionProperties) = preSolution
		HideSolutionNode = FALSE
	EndGlobalSection
	GlobalSection(ExtensibilityGlobals) = postSolution
		SolutionGuid = {AE64F0F3-E118-4161-9DDE-E57BB8758B0F}
	EndGlobalSection
EndGlobal
